{
  "version": "4",
  "redirects": {
    "https://unpkg.com/highlight.js@11.10.0/es/languages/bash": "https://unpkg.com/highlight.js@11.10.0/es/languages/bash.js",
    "https://unpkg.com/highlight.js@11.10.0/es/languages/javascript": "https://unpkg.com/highlight.js@11.10.0/es/languages/javascript.js",
    "https://unpkg.com/highlight.js@11.10.0/es/languages/json": "https://unpkg.com/highlight.js@11.10.0/es/languages/json.js",
    "https://unpkg.com/highlight.js@11.10.0/es/languages/typescript": "https://unpkg.com/highlight.js@11.10.0/es/languages/typescript.js",
    "https://unpkg.com/highlight.js@11.10.0/es/languages/yaml": "https://unpkg.com/highlight.js@11.10.0/es/languages/yaml.js",
    "https://unpkg.com/highlight.js@11.9.0/es/languages/bash": "https://unpkg.com/highlight.js@11.9.0/es/languages/bash.js",
    "https://unpkg.com/highlight.js@11.9.0/es/languages/javascript": "https://unpkg.com/highlight.js@11.9.0/es/languages/javascript.js",
    "https://unpkg.com/highlight.js@11.9.0/es/languages/json": "https://unpkg.com/highlight.js@11.9.0/es/languages/json.js",
    "https://unpkg.com/highlight.js@11.9.0/es/languages/typescript": "https://unpkg.com/highlight.js@11.9.0/es/languages/typescript.js",
    "https://unpkg.com/highlight.js@11.9.0/es/languages/yaml": "https://unpkg.com/highlight.js@11.9.0/es/languages/yaml.js"
  },
  "remote": {
    "https://deno.land/x/gustwind@v0.77.2/htmlisp/types.ts": "e8065d4c382944a1cb4049d364cf7d2666b98882f6969e08ec3c8d4ebdb4c3ff",
    "https://deno.land/x/gustwind@v0.77.2/types.ts": "79c4ecf909bd31c7b7ab637e63c0d0429b73af247804201dcde86ab894202686",
    "https://deno.land/x/gustwind@v0.78.0/htmlisp/parsers/characterGenerator.ts": "f5619aec8a5dc5fad8cd90e12d83bab6f6fa5866384f037ccb6f5c4d83bd2db8",
    "https://deno.land/x/gustwind@v0.78.0/htmlisp/parsers/latex/defaultExpressions.ts": "81f0ef6e149d03bcc97027ca768ca3f763c54fa754581358ccb39221b1f4ae2b",
    "https://deno.land/x/gustwind@v0.78.0/htmlisp/parsers/latex/parseLatex.ts": "5f2e27fd9b372b6d7ab6f72061f384d28ff4fa1a770fe73ca290a0d59d7b543d",
    "https://deno.land/x/gustwind@v0.78.0/htmlisp/parsers/latex/parsers/bibtex.ts": "301824a169c13f4e067c79f63d98aa548c0b4a8e01cfbc8a0aa62f22544657dc",
    "https://deno.land/x/gustwind@v0.78.0/htmlisp/parsers/latex/parsers/block.ts": "4cdb797aa0e1cdb71cea2a94be3c0249c71ee8699a075d77ca4ee2525996d0e3",
    "https://deno.land/x/gustwind@v0.78.0/htmlisp/parsers/latex/parsers/content.ts": "ace689f14e21e88cb27b4fc4ec51956596b69ae32b578f2e1cb8a9ce9825c7f6",
    "https://deno.land/x/gustwind@v0.78.0/htmlisp/parsers/latex/parsers/definition_item.ts": "7bbfc00b6f2edf8aca5ad27954556dc7732ba8ba547ad8697ce0032e5406a2d0",
    "https://deno.land/x/gustwind@v0.78.0/htmlisp/parsers/latex/parsers/double.ts": "cdbdfa66de0e7345a6a023f357d4180c90d3a92024b958cd4488dc7a28c5a774",
    "https://deno.land/x/gustwind@v0.78.0/htmlisp/parsers/latex/parsers/empty.ts": "c465427220ac604b88cdf706222ced1917703289409a6f514d2f2f1d19e58083",
    "https://deno.land/x/gustwind@v0.78.0/htmlisp/parsers/latex/parsers/list_item.ts": "ec39f52b48297294ea4b31dbed7404d2ecab79dd2501b9541fc187cbf6d8232f",
    "https://deno.land/x/gustwind@v0.78.0/htmlisp/parsers/latex/parsers/runParsers.ts": "9666b62bcaa0820485f4a8635cf048f0192eb1e0b02c7461e3e7019f5e7a17f1",
    "https://deno.land/x/gustwind@v0.78.0/htmlisp/parsers/latex/parsers/single.ts": "71267ae6edb3268b6d995a383016a2b67debe6cdf76346dc5746386840ed55be",
    "https://deno.land/x/gustwind@v0.78.0/htmlisp/parsers/types.ts": "99c72168d39ad2eff588eedc99aa804b1cc14b65e4ddcfdc87017d50bee6fca6",
    "https://deno.land/x/gustwind@v0.78.0/htmlisp/types.ts": "e8065d4c382944a1cb4049d364cf7d2666b98882f6969e08ec3c8d4ebdb4c3ff",
    "https://deno.land/x/gustwind@v0.78.0/types.ts": "79c4ecf909bd31c7b7ab637e63c0d0429b73af247804201dcde86ab894202686",
    "https://deno.land/x/gustwind@v0.79.0/htmlisp/parsers/characterGenerator.ts": "f5619aec8a5dc5fad8cd90e12d83bab6f6fa5866384f037ccb6f5c4d83bd2db8",
    "https://deno.land/x/gustwind@v0.79.0/htmlisp/parsers/latex/defaultExpressions.ts": "81f0ef6e149d03bcc97027ca768ca3f763c54fa754581358ccb39221b1f4ae2b",
    "https://deno.land/x/gustwind@v0.79.0/htmlisp/parsers/latex/parseBibtexCollection.ts": "1740e0588a3dbabe0cc8c16e94cc26389e640e4ec26b73bd394f7cdc90ac4f6c",
    "https://deno.land/x/gustwind@v0.79.0/htmlisp/parsers/latex/parseLatex.ts": "5f2e27fd9b372b6d7ab6f72061f384d28ff4fa1a770fe73ca290a0d59d7b543d",
    "https://deno.land/x/gustwind@v0.79.0/htmlisp/parsers/latex/parsers/bibtex.ts": "301824a169c13f4e067c79f63d98aa548c0b4a8e01cfbc8a0aa62f22544657dc",
    "https://deno.land/x/gustwind@v0.79.0/htmlisp/parsers/latex/parsers/block.ts": "4cdb797aa0e1cdb71cea2a94be3c0249c71ee8699a075d77ca4ee2525996d0e3",
    "https://deno.land/x/gustwind@v0.79.0/htmlisp/parsers/latex/parsers/content.ts": "5b756b992cea44c1c4f5a1347b730ee5699a0efe07b76c5cf08c48607c0c7a10",
    "https://deno.land/x/gustwind@v0.79.0/htmlisp/parsers/latex/parsers/definition_item.ts": "7bbfc00b6f2edf8aca5ad27954556dc7732ba8ba547ad8697ce0032e5406a2d0",
    "https://deno.land/x/gustwind@v0.79.0/htmlisp/parsers/latex/parsers/double.ts": "cdbdfa66de0e7345a6a023f357d4180c90d3a92024b958cd4488dc7a28c5a774",
    "https://deno.land/x/gustwind@v0.79.0/htmlisp/parsers/latex/parsers/empty.ts": "c465427220ac604b88cdf706222ced1917703289409a6f514d2f2f1d19e58083",
    "https://deno.land/x/gustwind@v0.79.0/htmlisp/parsers/latex/parsers/list_item.ts": "ec39f52b48297294ea4b31dbed7404d2ecab79dd2501b9541fc187cbf6d8232f",
    "https://deno.land/x/gustwind@v0.79.0/htmlisp/parsers/latex/parsers/runParsers.ts": "da28ac4ebeb485db465e58e1e07b4da606adb7d40ccc15b97dd895c4cde96b1d",
    "https://deno.land/x/gustwind@v0.79.0/htmlisp/parsers/latex/parsers/single.ts": "71267ae6edb3268b6d995a383016a2b67debe6cdf76346dc5746386840ed55be",
    "https://deno.land/x/gustwind@v0.79.0/htmlisp/parsers/types.ts": "99c72168d39ad2eff588eedc99aa804b1cc14b65e4ddcfdc87017d50bee6fca6",
    "https://deno.land/x/gustwind@v0.79.0/htmlisp/types.ts": "e8065d4c382944a1cb4049d364cf7d2666b98882f6969e08ec3c8d4ebdb4c3ff",
    "https://deno.land/x/gustwind@v0.79.0/types.ts": "79c4ecf909bd31c7b7ab637e63c0d0429b73af247804201dcde86ab894202686",
    "https://deno.land/x/gustwind@v0.79.1/htmlisp/parsers/characterGenerator.ts": "f5619aec8a5dc5fad8cd90e12d83bab6f6fa5866384f037ccb6f5c4d83bd2db8",
    "https://deno.land/x/gustwind@v0.79.1/htmlisp/parsers/latex/parseBibtexCollection.ts": "6c12eabe1300f9e66e6de3b26286409a1638b281efa15e8b46ecf50688288f55",
    "https://deno.land/x/gustwind@v0.79.1/htmlisp/parsers/latex/parseLatex.ts": "5f2e27fd9b372b6d7ab6f72061f384d28ff4fa1a770fe73ca290a0d59d7b543d",
    "https://deno.land/x/gustwind@v0.79.1/htmlisp/parsers/latex/parsers/bibtex.ts": "41a0320b93a1d6a567c086c22e9b329d592d8f8674ecc936698a69a83e1a5c28",
    "https://deno.land/x/gustwind@v0.79.1/htmlisp/parsers/latex/parsers/block.ts": "4cdb797aa0e1cdb71cea2a94be3c0249c71ee8699a075d77ca4ee2525996d0e3",
    "https://deno.land/x/gustwind@v0.79.1/htmlisp/parsers/latex/parsers/content.ts": "5b756b992cea44c1c4f5a1347b730ee5699a0efe07b76c5cf08c48607c0c7a10",
    "https://deno.land/x/gustwind@v0.79.1/htmlisp/parsers/latex/parsers/double.ts": "cdbdfa66de0e7345a6a023f357d4180c90d3a92024b958cd4488dc7a28c5a774",
    "https://deno.land/x/gustwind@v0.79.1/htmlisp/parsers/latex/parsers/empty.ts": "c465427220ac604b88cdf706222ced1917703289409a6f514d2f2f1d19e58083",
    "https://deno.land/x/gustwind@v0.79.1/htmlisp/parsers/latex/parsers/runParsers.ts": "da28ac4ebeb485db465e58e1e07b4da606adb7d40ccc15b97dd895c4cde96b1d",
    "https://deno.land/x/gustwind@v0.79.1/htmlisp/parsers/latex/parsers/single.ts": "71267ae6edb3268b6d995a383016a2b67debe6cdf76346dc5746386840ed55be",
    "https://deno.land/x/gustwind@v0.79.1/htmlisp/parsers/types.ts": "99c72168d39ad2eff588eedc99aa804b1cc14b65e4ddcfdc87017d50bee6fca6",
    "https://deno.land/x/gustwind@v0.79.1/htmlisp/types.ts": "e8065d4c382944a1cb4049d364cf7d2666b98882f6969e08ec3c8d4ebdb4c3ff",
    "https://deno.land/x/gustwind@v0.79.1/types.ts": "79c4ecf909bd31c7b7ab637e63c0d0429b73af247804201dcde86ab894202686",
    "https://deno.land/x/gustwind@v0.79.2/htmlisp/parsers/characterGenerator.ts": "f5619aec8a5dc5fad8cd90e12d83bab6f6fa5866384f037ccb6f5c4d83bd2db8",
    "https://deno.land/x/gustwind@v0.79.2/htmlisp/parsers/latex/defaultExpressions.ts": "81f0ef6e149d03bcc97027ca768ca3f763c54fa754581358ccb39221b1f4ae2b",
    "https://deno.land/x/gustwind@v0.79.2/htmlisp/parsers/latex/parseBibtexCollection.ts": "6c12eabe1300f9e66e6de3b26286409a1638b281efa15e8b46ecf50688288f55",
    "https://deno.land/x/gustwind@v0.79.2/htmlisp/parsers/latex/parseLatex.ts": "5f2e27fd9b372b6d7ab6f72061f384d28ff4fa1a770fe73ca290a0d59d7b543d",
    "https://deno.land/x/gustwind@v0.79.2/htmlisp/parsers/latex/parsers/bibtex.ts": "41a0320b93a1d6a567c086c22e9b329d592d8f8674ecc936698a69a83e1a5c28",
    "https://deno.land/x/gustwind@v0.79.2/htmlisp/parsers/latex/parsers/block.ts": "4cdb797aa0e1cdb71cea2a94be3c0249c71ee8699a075d77ca4ee2525996d0e3",
    "https://deno.land/x/gustwind@v0.79.2/htmlisp/parsers/latex/parsers/content.ts": "5b756b992cea44c1c4f5a1347b730ee5699a0efe07b76c5cf08c48607c0c7a10",
    "https://deno.land/x/gustwind@v0.79.2/htmlisp/parsers/latex/parsers/definition_item.ts": "7bbfc00b6f2edf8aca5ad27954556dc7732ba8ba547ad8697ce0032e5406a2d0",
    "https://deno.land/x/gustwind@v0.79.2/htmlisp/parsers/latex/parsers/double.ts": "cdbdfa66de0e7345a6a023f357d4180c90d3a92024b958cd4488dc7a28c5a774",
    "https://deno.land/x/gustwind@v0.79.2/htmlisp/parsers/latex/parsers/empty.ts": "c465427220ac604b88cdf706222ced1917703289409a6f514d2f2f1d19e58083",
    "https://deno.land/x/gustwind@v0.79.2/htmlisp/parsers/latex/parsers/list_item.ts": "ec39f52b48297294ea4b31dbed7404d2ecab79dd2501b9541fc187cbf6d8232f",
    "https://deno.land/x/gustwind@v0.79.2/htmlisp/parsers/latex/parsers/runParsers.ts": "da28ac4ebeb485db465e58e1e07b4da606adb7d40ccc15b97dd895c4cde96b1d",
    "https://deno.land/x/gustwind@v0.79.2/htmlisp/parsers/latex/parsers/single.ts": "71267ae6edb3268b6d995a383016a2b67debe6cdf76346dc5746386840ed55be",
    "https://deno.land/x/gustwind@v0.79.2/htmlisp/parsers/types.ts": "99c72168d39ad2eff588eedc99aa804b1cc14b65e4ddcfdc87017d50bee6fca6",
    "https://deno.land/x/gustwind@v0.79.2/htmlisp/types.ts": "e8065d4c382944a1cb4049d364cf7d2666b98882f6969e08ec3c8d4ebdb4c3ff",
    "https://deno.land/x/gustwind@v0.79.2/types.ts": "79c4ecf909bd31c7b7ab637e63c0d0429b73af247804201dcde86ab894202686",
    "https://deno.land/x/gustwind@v0.79.3/htmlisp/parsers/characterGenerator.ts": "f5619aec8a5dc5fad8cd90e12d83bab6f6fa5866384f037ccb6f5c4d83bd2db8",
    "https://deno.land/x/gustwind@v0.79.3/htmlisp/parsers/latex/defaultExpressions.ts": "81f0ef6e149d03bcc97027ca768ca3f763c54fa754581358ccb39221b1f4ae2b",
    "https://deno.land/x/gustwind@v0.79.3/htmlisp/parsers/latex/parseBibtexCollection.ts": "7b7ddc9a7f57e7f26318aa153a5ca9796b597404a73ee30ceea82baaf7c01be4",
    "https://deno.land/x/gustwind@v0.79.3/htmlisp/parsers/latex/parseLatex.ts": "5f2e27fd9b372b6d7ab6f72061f384d28ff4fa1a770fe73ca290a0d59d7b543d",
    "https://deno.land/x/gustwind@v0.79.3/htmlisp/parsers/latex/parsers/bibtex.ts": "41a0320b93a1d6a567c086c22e9b329d592d8f8674ecc936698a69a83e1a5c28",
    "https://deno.land/x/gustwind@v0.79.3/htmlisp/parsers/latex/parsers/block.ts": "4cdb797aa0e1cdb71cea2a94be3c0249c71ee8699a075d77ca4ee2525996d0e3",
    "https://deno.land/x/gustwind@v0.79.3/htmlisp/parsers/latex/parsers/content.ts": "5b756b992cea44c1c4f5a1347b730ee5699a0efe07b76c5cf08c48607c0c7a10",
    "https://deno.land/x/gustwind@v0.79.3/htmlisp/parsers/latex/parsers/definition_item.ts": "7bbfc00b6f2edf8aca5ad27954556dc7732ba8ba547ad8697ce0032e5406a2d0",
    "https://deno.land/x/gustwind@v0.79.3/htmlisp/parsers/latex/parsers/double.ts": "cdbdfa66de0e7345a6a023f357d4180c90d3a92024b958cd4488dc7a28c5a774",
    "https://deno.land/x/gustwind@v0.79.3/htmlisp/parsers/latex/parsers/empty.ts": "c465427220ac604b88cdf706222ced1917703289409a6f514d2f2f1d19e58083",
    "https://deno.land/x/gustwind@v0.79.3/htmlisp/parsers/latex/parsers/list_item.ts": "ec39f52b48297294ea4b31dbed7404d2ecab79dd2501b9541fc187cbf6d8232f",
    "https://deno.land/x/gustwind@v0.79.3/htmlisp/parsers/latex/parsers/runParsers.ts": "da28ac4ebeb485db465e58e1e07b4da606adb7d40ccc15b97dd895c4cde96b1d",
    "https://deno.land/x/gustwind@v0.79.3/htmlisp/parsers/latex/parsers/single.ts": "71267ae6edb3268b6d995a383016a2b67debe6cdf76346dc5746386840ed55be",
    "https://deno.land/x/gustwind@v0.79.3/htmlisp/parsers/types.ts": "99c72168d39ad2eff588eedc99aa804b1cc14b65e4ddcfdc87017d50bee6fca6",
    "https://deno.land/x/gustwind@v0.79.3/htmlisp/types.ts": "e8065d4c382944a1cb4049d364cf7d2666b98882f6969e08ec3c8d4ebdb4c3ff",
    "https://deno.land/x/gustwind@v0.79.3/types.ts": "79c4ecf909bd31c7b7ab637e63c0d0429b73af247804201dcde86ab894202686",
    "https://deno.land/x/gustwind@v0.79.4/htmlisp/defaultUtilities.ts": "d9db47327362c083511dc97f011d183cd01189a3d15b812765a92e5cfba0573e",
    "https://deno.land/x/gustwind@v0.79.4/htmlisp/htmlispToHTMLSync.ts": "df136840ca73eee76daecb0373d7fc9df06ed50b2d68779912bae2b26d728fdf",
    "https://deno.land/x/gustwind@v0.79.4/htmlisp/parsers/characterGenerator.ts": "f5619aec8a5dc5fad8cd90e12d83bab6f6fa5866384f037ccb6f5c4d83bd2db8",
    "https://deno.land/x/gustwind@v0.79.4/htmlisp/parsers/htmlisp/parseAttribute.ts": "48ea56aa6a47b15c12b04fbe2cc4bbb86b40ad3d29a24737beb634cf00e4df6e",
    "https://deno.land/x/gustwind@v0.79.4/htmlisp/parsers/htmlisp/parseAttributes.ts": "a25b755b7eb3ac64abf12dea6a2cb04890cf5470c010a7f0828ced7673cff34f",
    "https://deno.land/x/gustwind@v0.79.4/htmlisp/parsers/htmlisp/parseTag.ts": "89ecf60222744637fe4142c9c7b7acc1c22a00fa6ef65cf551070cceecf7460a",
    "https://deno.land/x/gustwind@v0.79.4/htmlisp/parsers/latex/defaultExpressions.ts": "81f0ef6e149d03bcc97027ca768ca3f763c54fa754581358ccb39221b1f4ae2b",
    "https://deno.land/x/gustwind@v0.79.4/htmlisp/parsers/latex/parseBibtexCollection.ts": "7b7ddc9a7f57e7f26318aa153a5ca9796b597404a73ee30ceea82baaf7c01be4",
    "https://deno.land/x/gustwind@v0.79.4/htmlisp/parsers/latex/parseLatex.ts": "5f2e27fd9b372b6d7ab6f72061f384d28ff4fa1a770fe73ca290a0d59d7b543d",
    "https://deno.land/x/gustwind@v0.79.4/htmlisp/parsers/latex/parsers/bibtex.ts": "41a0320b93a1d6a567c086c22e9b329d592d8f8674ecc936698a69a83e1a5c28",
    "https://deno.land/x/gustwind@v0.79.4/htmlisp/parsers/latex/parsers/block.ts": "4cdb797aa0e1cdb71cea2a94be3c0249c71ee8699a075d77ca4ee2525996d0e3",
    "https://deno.land/x/gustwind@v0.79.4/htmlisp/parsers/latex/parsers/content.ts": "63de84bc7d0f1b4bb2d943271a91df1ace9c0b916e0de8dc9bcb99d46449a45f",
    "https://deno.land/x/gustwind@v0.79.4/htmlisp/parsers/latex/parsers/definition_item.ts": "7bbfc00b6f2edf8aca5ad27954556dc7732ba8ba547ad8697ce0032e5406a2d0",
    "https://deno.land/x/gustwind@v0.79.4/htmlisp/parsers/latex/parsers/double.ts": "cdbdfa66de0e7345a6a023f357d4180c90d3a92024b958cd4488dc7a28c5a774",
    "https://deno.land/x/gustwind@v0.79.4/htmlisp/parsers/latex/parsers/empty.ts": "c465427220ac604b88cdf706222ced1917703289409a6f514d2f2f1d19e58083",
    "https://deno.land/x/gustwind@v0.79.4/htmlisp/parsers/latex/parsers/list_item.ts": "ec39f52b48297294ea4b31dbed7404d2ecab79dd2501b9541fc187cbf6d8232f",
    "https://deno.land/x/gustwind@v0.79.4/htmlisp/parsers/latex/parsers/runParsers.ts": "b575821392241c8c9da391dd2b2fc3f79d54cebc4e13ef3d000ccc8cad3bc774",
    "https://deno.land/x/gustwind@v0.79.4/htmlisp/parsers/latex/parsers/single.ts": "71267ae6edb3268b6d995a383016a2b67debe6cdf76346dc5746386840ed55be",
    "https://deno.land/x/gustwind@v0.79.4/htmlisp/parsers/types.ts": "99c72168d39ad2eff588eedc99aa804b1cc14b65e4ddcfdc87017d50bee6fca6",
    "https://deno.land/x/gustwind@v0.79.4/htmlisp/types.ts": "e8065d4c382944a1cb4049d364cf7d2666b98882f6969e08ec3c8d4ebdb4c3ff",
    "https://deno.land/x/gustwind@v0.79.4/htmlisp/utilities/applyUtility.ts": "867fcb9aebd5448073d4cb3770eff415afc32109fec2c89548b5d902adb0e9ea",
    "https://deno.land/x/gustwind@v0.79.4/htmlisp/utilities/applyUtilitySync.ts": "d582d2b2d2e4e3cac4ef4ba66ab3e77be4679d044913ade884c97f0a37f353a1",
    "https://deno.land/x/gustwind@v0.79.4/htmlisp/utilities/astToHtmlSync.ts": "6ce066aecf179e63e0905db581b942004729028fd91e677fdd5ffd79474fcb8d",
    "https://deno.land/x/gustwind@v0.79.4/htmlisp/utilities/getAttributeBindings.ts": "835630f01451cfd560e1950f0d3b1d1588d0b9bc0ea09ee5de9b484541db04aa",
    "https://deno.land/x/gustwind@v0.79.4/htmlisp/utilities/parseExpression.ts": "2f5b0eb63aca81637e9abc71fcdfe843dac6bc5685a357eb257cee49700e7213",
    "https://deno.land/x/gustwind@v0.79.4/htmlisp/utilities/parseExpressions.ts": "92d357db69b92589067889e06789cd1de8fd9c6516d6ea5cd6501f67c26ffc93",
    "https://deno.land/x/gustwind@v0.79.4/htmlisp/utilities/parseExpressionsSync.ts": "ece1b16152600f5c9c6046afe4b422cebcecc66b59c8fa4ff43417822e4b6c08",
    "https://deno.land/x/gustwind@v0.79.4/htmlisp/utilities/renderElement.ts": "14106b6414c6a6862d6df47815c7d9e5360c367e0dd9c3198e87cd57b011a0fc",
    "https://deno.land/x/gustwind@v0.79.4/types.ts": "79c4ecf909bd31c7b7ab637e63c0d0429b73af247804201dcde86ab894202686",
    "https://deno.land/x/gustwind@v0.79.4/utilities/functional.ts": "a5cf6fa042bb8240f756491b60775f715cf5256d5d151884cf43908081671de3",
    "https://deno.land/x/gustwind@v0.79.4/utilities/getMemo.ts": "5c8f2ad07410851e3f592cb94a9ea833e82a66bc02dc17e9d39611c5a12aac1c",
    "https://deno.land/x/gustwind@v0.79.4/utilities/string.ts": "707b7528d76e151a7b7ec14d048fca4a750e4316bdb63da51b89ea31ff568a89",
    "https://esm.sh/@twind/core@1.1.1": "43a5495548807b8eab7de24aec43d56773e70cbbc6c6dbe5b100b34e3878dfc8",
    "https://esm.sh/@twind/preset-autoprefix@1.0.5": "1bd9105f089e342a2874bfde723ecf27f155dc230b0d48dddfc551f30c26a99c",
    "https://esm.sh/@twind/preset-tailwind@1.1.1": "61de167ec8ffaeec9ef4c99f522d5aaf6694dc38182df77c18c18a5383447f3c",
    "https://esm.sh/@twind/preset-typography@1.0.5": "8c6d42ac07f9d88a2f116910c5afb8d140317d8351e91c2f3ca8422f1507e659",
    "https://esm.sh/v135/@twind/core@1.1.1/denonext/core.mjs": "3e0ac242efe7599279ae2cc8d936b2d235af93ab95d790e186e34cb36bb0acf9",
    "https://esm.sh/v135/@twind/core@1.1.3/denonext/core.mjs": "c2618087a5d5cc406c7dc1079015f4d7cc874bee167f74e9945694896d907b6d",
    "https://esm.sh/v135/@twind/preset-autoprefix@1.0.5/denonext/preset-autoprefix.mjs": "8b1b028d70ff543d0fdb4db400afc899dbdc3972affbf27f8c7517f5fa0f4011",
    "https://esm.sh/v135/@twind/preset-tailwind@1.1.1/denonext/base.js": "36e903d4ae0ccd48e1016c8e65695430666e818cea30f3856308eb59d27e7af0",
    "https://esm.sh/v135/@twind/preset-tailwind@1.1.1/denonext/baseTheme.js": "bb611e01ae1b05a8de9aa7343f4f2a350816c092b9295f75f8f631034a1f3019",
    "https://esm.sh/v135/@twind/preset-tailwind@1.1.1/denonext/preflight.js": "0f47658f3de4ad93fb7e4430c6b1c9960b42cd9aca7645c3f92e8f1f6132928b",
    "https://esm.sh/v135/@twind/preset-tailwind@1.1.1/denonext/preset-tailwind.mjs": "f233c69f35f152ca89767ac6064b2b75d1386d1c1f9e4c6b3a8cf74f461694d6",
    "https://esm.sh/v135/@twind/preset-tailwind@1.1.1/denonext/rules.js": "0e7b2a1b923947105e06a8e1319d90f67c6704be15c3af8e16f9ac469832b759",
    "https://esm.sh/v135/@twind/preset-tailwind@1.1.1/denonext/variants.js": "a6347e8eb7d73b87f3568e631599ac5b72c736889dfe0fb44196926cce5733b5",
    "https://esm.sh/v135/@twind/preset-typography@1.0.5/denonext/preset-typography.mjs": "b126f7b0b16014561ca0af6c6a2af3ff5bd824c4d1e09b1a8339caf7bab72d5d",
    "https://esm.sh/v135/style-vendorizer@2.2.3/denonext/style-vendorizer.mjs": "121455e7b04b631ef6463ce63cdcd29febd74d88c37713c774ceca8a1561c83d",
    "https://unpkg.com/@highlightjs/cdn-assets@11.10.0/es/core.min.js": "224f718d73f37e1b85fbab697b57d75dc2013e57bc0485a8fa8534070f3e543a",
    "https://unpkg.com/highlight.js@11.10.0/es/languages/bash.js": "7f4f68316e9915c665d124a9f24ffdb91bc8991eee8cc5524624c01897dacee1",
    "https://unpkg.com/highlight.js@11.10.0/es/languages/javascript.js": "ef7f51fa5414b376fe9c2f4c1e379be861baaeabad81463150d62ddba07748fd",
    "https://unpkg.com/highlight.js@11.10.0/es/languages/json.js": "efc7b5c9e90f3d07777cc19ac6516679472e6735a74875ae3570a8fc27989a82",
    "https://unpkg.com/highlight.js@11.10.0/es/languages/typescript.js": "345449a1bc746985df7ca31d6c44e114247e889fe30370e785192c84eb6c8409",
    "https://unpkg.com/highlight.js@11.10.0/es/languages/yaml.js": "adcdacd82e5429930d3d66d72366c6ffa31e66dda6effa699335ec7d238f5a70",
    "https://unpkg.com/marked@15.0.3/lib/marked.esm.js": "908eb95a9441a7d58effe290aaadae29cb9905661c8fe427d22786fdf0b64027",
    "https://unpkg.com/marked@9.1.5/lib/marked.esm.js": "f78241ff04d201946b7a9d23db5d2faa4c454454a632026f225e32d3f75abc22"
  }
}
